// !$*UTF8*$!
{
	archiveVersion = 1;
	classes = {
	};
	objectVersion = 46;
	objects = {

/* Begin PBXBuildFile section */
		16699CF71E72988F005CD1A7 /* main.m in Sources */ = {isa = PBXBuildFile; fileRef = 16699CF61E72988F005CD1A7 /* main.m */; };
		16699CFA1E72988F005CD1A7 /* AppDelegate.m in Sources */ = {isa = PBXBuildFile; fileRef = 16699CF91E72988F005CD1A7 /* AppDelegate.m */; };
		16699D021E72988F005CD1A7 /* Assets.xcassets in Resources */ = {isa = PBXBuildFile; fileRef = 16699D011E72988F005CD1A7 /* Assets.xcassets */; };
		16699D051E72988F005CD1A7 /* LaunchScreen.storyboard in Resources */ = {isa = PBXBuildFile; fileRef = 16699D031E72988F005CD1A7 /* LaunchScreen.storyboard */; };
		16699D101E72988F005CD1A7 /* KPayTestTests.m in Sources */ = {isa = PBXBuildFile; fileRef = 16699D0F1E72988F005CD1A7 /* KPayTestTests.m */; };
		16699D1B1E72988F005CD1A7 /* KPayTestUITests.m in Sources */ = {isa = PBXBuildFile; fileRef = 16699D1A1E72988F005CD1A7 /* KPayTestUITests.m */; };
		16699D2A1E729C3C005CD1A7 /* HDTestClass.m in Sources */ = {isa = PBXBuildFile; fileRef = 16699D291E729C3C005CD1A7 /* HDTestClass.m */; };
		16699D2D1E729F07005CD1A7 /* HDRootViewController.m in Sources */ = {isa = PBXBuildFile; fileRef = 16699D2C1E729F07005CD1A7 /* HDRootViewController.m */; };
		386E4D143FA2883944391421 /* libPods-KPayTest.a in Frameworks */ = {isa = PBXBuildFile; fileRef = 59ABB47BD9447B1F59E0AE10 /* libPods-KPayTest.a */; };
/* End PBXBuildFile section */

/* Begin PBXContainerItemProxy section */
		16699D0C1E72988F005CD1A7 /* PBXContainerItemProxy */ = {
			isa = PBXContainerItemProxy;
			containerPortal = 16699CEA1E72988F005CD1A7 /* Project object */;
			proxyType = 1;
			remoteGlobalIDString = 16699CF11E72988F005CD1A7;
			remoteInfo = KPayTest;
		};
		16699D171E72988F005CD1A7 /* PBXContainerItemProxy */ = {
			isa = PBXContainerItemProxy;
			containerPortal = 16699CEA1E72988F005CD1A7 /* Project object */;
			proxyType = 1;
			remoteGlobalIDString = 16699CF11E72988F005CD1A7;
			remoteInfo = KPayTest;
		};
/* End PBXContainerItemProxy section */

/* Begin PBXFileReference section */
		16699CF21E72988F005CD1A7 /* KPayTest.app */ = {isa = PBXFileReference; explicitFileType = wrapper.application; includeInIndex = 0; path = KPayTest.app; sourceTree = BUILT_PRODUCTS_DIR; };
		16699CF61E72988F005CD1A7 /* main.m */ = {isa = PBXFileReference; lastKnownFileType = sourcecode.c.objc; path = main.m; sourceTree = "<group>"; };
		16699CF81E72988F005CD1A7 /* AppDelegate.h */ = {isa = PBXFileReference; lastKnownFileType = sourcecode.c.h; path = AppDelegate.h; sourceTree = "<group>"; };
		16699CF91E72988F005CD1A7 /* AppDelegate.m */ = {isa = PBXFileReference; lastKnownFileType = sourcecode.c.objc; path = AppDelegate.m; sourceTree = "<group>"; };
		16699D011E72988F005CD1A7 /* Assets.xcassets */ = {isa = PBXFileReference; lastKnownFileType = folder.assetcatalog; path = Assets.xcassets; sourceTree = "<group>"; };
		16699D041E72988F005CD1A7 /* Base */ = {isa = PBXFileReference; lastKnownFileType = file.storyboard; name = Base; path = Base.lproj/LaunchScreen.storyboard; sourceTree = "<group>"; };
		16699D061E72988F005CD1A7 /* Info.plist */ = {isa = PBXFileReference; lastKnownFileType = text.plist.xml; path = Info.plist; sourceTree = "<group>"; };
		16699D0B1E72988F005CD1A7 /* KPayTestTests.xctest */ = {isa = PBXFileReference; explicitFileType = wrapper.cfbundle; includeInIndex = 0; path = KPayTestTests.xctest; sourceTree = BUILT_PRODUCTS_DIR; };
		16699D0F1E72988F005CD1A7 /* KPayTestTests.m */ = {isa = PBXFileReference; lastKnownFileType = sourcecode.c.objc; path = KPayTestTests.m; sourceTree = "<group>"; };
		16699D111E72988F005CD1A7 /* Info.plist */ = {isa = PBXFileReference; lastKnownFileType = text.plist.xml; path = Info.plist; sourceTree = "<group>"; };
		16699D161E72988F005CD1A7 /* KPayTestUITests.xctest */ = {isa = PBXFileReference; explicitFileType = wrapper.cfbundle; includeInIndex = 0; path = KPayTestUITests.xctest; sourceTree = BUILT_PRODUCTS_DIR; };
		16699D1A1E72988F005CD1A7 /* KPayTestUITests.m */ = {isa = PBXFileReference; lastKnownFileType = sourcecode.c.objc; path = KPayTestUITests.m; sourceTree = "<group>"; };
		16699D1C1E72988F005CD1A7 /* Info.plist */ = {isa = PBXFileReference; lastKnownFileType = text.plist.xml; path = Info.plist; sourceTree = "<group>"; };
		16699D281E729C3C005CD1A7 /* HDTestClass.h */ = {isa = PBXFileReference; fileEncoding = 4; lastKnownFileType = sourcecode.c.h; path = HDTestClass.h; sourceTree = "<group>"; };
		16699D291E729C3C005CD1A7 /* HDTestClass.m */ = {isa = PBXFileReference; fileEncoding = 4; lastKnownFileType = sourcecode.c.objc; path = HDTestClass.m; sourceTree = "<group>"; };
		16699D2B1E729F07005CD1A7 /* HDRootViewController.h */ = {isa = PBXFileReference; fileEncoding = 4; lastKnownFileType = sourcecode.c.h; path = HDRootViewController.h; sourceTree = "<group>"; };
		16699D2C1E729F07005CD1A7 /* HDRootViewController.m */ = {isa = PBXFileReference; fileEncoding = 4; lastKnownFileType = sourcecode.c.objc; path = HDRootViewController.m; sourceTree = "<group>"; };
		59ABB47BD9447B1F59E0AE10 /* libPods-KPayTest.a */ = {isa = PBXFileReference; explicitFileType = archive.ar; includeInIndex = 0; path = "libPods-KPayTest.a"; sourceTree = BUILT_PRODUCTS_DIR; };
		E217F0BC00595A48ED9B4C4B /* Pods-KPayTest.debug.xcconfig */ = {isa = PBXFileReference; includeInIndex = 1; lastKnownFileType = text.xcconfig; name = "Pods-KPayTest.debug.xcconfig"; path = "Pods/Target Support Files/Pods-KPayTest/Pods-KPayTest.debug.xcconfig"; sourceTree = "<group>"; };
		FB8A62FFAC361C3DC64CDD14 /* Pods-KPayTest.release.xcconfig */ = {isa = PBXFileReference; includeInIndex = 1; lastKnownFileType = text.xcconfig; name = "Pods-KPayTest.release.xcconfig"; path = "Pods/Target Support Files/Pods-KPayTest/Pods-KPayTest.release.xcconfig"; sourceTree = "<group>"; };
/* End PBXFileReference section */

/* Begin PBXFrameworksBuildPhase section */
		16699CEF1E72988F005CD1A7 /* Frameworks */ = {
			isa = PBXFrameworksBuildPhase;
			buildActionMask = 2147483647;
			files = (
				386E4D143FA2883944391421 /* libPods-KPayTest.a in Frameworks */,
			);
			runOnlyForDeploymentPostprocessing = 0;
		};
		16699D081E72988F005CD1A7 /* Frameworks */ = {
			isa = PBXFrameworksBuildPhase;
			buildActionMask = 2147483647;
			files = (
			);
			runOnlyForDeploymentPostprocessing = 0;
		};
		16699D131E72988F005CD1A7 /* Frameworks */ = {
			isa = PBXFrameworksBuildPhase;
			buildActionMask = 2147483647;
			files = (
			);
			runOnlyForDeploymentPostprocessing = 0;
		};
/* End PBXFrameworksBuildPhase section */

/* Begin PBXGroup section */
		16699CE91E72988F005CD1A7 = {
			isa = PBXGroup;
			children = (
				16699CF41E72988F005CD1A7 /* KPayTest */,
				16699D0E1E72988F005CD1A7 /* KPayTestTests */,
				16699D191E72988F005CD1A7 /* KPayTestUITests */,
				16699CF31E72988F005CD1A7 /* Products */,
				220D20B95937192E380D564F /* Pods */,
				F9823B842C47BB331CB39979 /* Frameworks */,
			);
			sourceTree = "<group>";
		};
		16699CF31E72988F005CD1A7 /* Products */ = {
			isa = PBXGroup;
			children = (
				16699CF21E72988F005CD1A7 /* KPayTest.app */,
				16699D0B1E72988F005CD1A7 /* KPayTestTests.xctest */,
				16699D161E72988F005CD1A7 /* KPayTestUITests.xctest */,
			);
			name = Products;
			sourceTree = "<group>";
		};
		16699CF41E72988F005CD1A7 /* KPayTest */ = {
			isa = PBXGroup;
			children = (
				16699CF81E72988F005CD1A7 /* AppDelegate.h */,
				16699CF91E72988F005CD1A7 /* AppDelegate.m */,
				16699D2B1E729F07005CD1A7 /* HDRootViewController.h */,
				16699D2C1E729F07005CD1A7 /* HDRootViewController.m */,
				16699D281E729C3C005CD1A7 /* HDTestClass.h */,
				16699D291E729C3C005CD1A7 /* HDTestClass.m */,
				16699D011E72988F005CD1A7 /* Assets.xcassets */,
				16699D031E72988F005CD1A7 /* LaunchScreen.storyboard */,
				16699D061E72988F005CD1A7 /* Info.plist */,
				16699CF51E72988F005CD1A7 /* Supporting Files */,
			);
			path = KPayTest;
			sourceTree = "<group>";
		};
		16699CF51E72988F005CD1A7 /* Supporting Files */ = {
			isa = PBXGroup;
			children = (
				16699CF61E72988F005CD1A7 /* main.m */,
			);
			name = "Supporting Files";
			sourceTree = "<group>";
		};
		16699D0E1E72988F005CD1A7 /* KPayTestTests */ = {
			isa = PBXGroup;
			children = (
				16699D0F1E72988F005CD1A7 /* KPayTestTests.m */,
				16699D111E72988F005CD1A7 /* Info.plist */,
			);
			path = KPayTestTests;
			sourceTree = "<group>";
		};
		16699D191E72988F005CD1A7 /* KPayTestUITests */ = {
			isa = PBXGroup;
			children = (
				16699D1A1E72988F005CD1A7 /* KPayTestUITests.m */,
				16699D1C1E72988F005CD1A7 /* Info.plist */,
			);
			path = KPayTestUITests;
			sourceTree = "<group>";
		};
		220D20B95937192E380D564F /* Pods */ = {
			isa = PBXGroup;
			children = (
				E217F0BC00595A48ED9B4C4B /* Pods-KPayTest.debug.xcconfig */,
				FB8A62FFAC361C3DC64CDD14 /* Pods-KPayTest.release.xcconfig */,
			);
			name = Pods;
			sourceTree = "<group>";
		};
		F9823B842C47BB331CB39979 /* Frameworks */ = {
			isa = PBXGroup;
			children = (
				59ABB47BD9447B1F59E0AE10 /* libPods-KPayTest.a */,
			);
			name = Frameworks;
			sourceTree = "<group>";
		};
/* End PBXGroup section */

/* Begin PBXNativeTarget section */
		16699CF11E72988F005CD1A7 /* KPayTest */ = {
			isa = PBXNativeTarget;
			buildConfigurationList = 16699D1F1E72988F005CD1A7 /* Build configuration list for PBXNativeTarget "KPayTest" */;
			buildPhases = (
				6E391DB868A80B2029C47726 /* 📦 Check Pods Manifest.lock */,
				16699CEE1E72988F005CD1A7 /* Sources */,
				16699CEF1E72988F005CD1A7 /* Frameworks */,
				16699CF01E72988F005CD1A7 /* Resources */,
				5DD656CF4A8D906F0BB2BA9F /* 📦 Embed Pods Frameworks */,
				62B941AD6ABA099108F9FA2E /* 📦 Copy Pods Resources */,
			);
			buildRules = (
			);
			dependencies = (
			);
			name = KPayTest;
			productName = KPayTest;
			productReference = 16699CF21E72988F005CD1A7 /* KPayTest.app */;
			productType = "com.apple.product-type.application";
		};
		16699D0A1E72988F005CD1A7 /* KPayTestTests */ = {
			isa = PBXNativeTarget;
			buildConfigurationList = 16699D221E72988F005CD1A7 /* Build configuration list for PBXNativeTarget "KPayTestTests" */;
			buildPhases = (
				16699D071E72988F005CD1A7 /* Sources */,
				16699D081E72988F005CD1A7 /* Frameworks */,
				16699D091E72988F005CD1A7 /* Resources */,
			);
			buildRules = (
			);
			dependencies = (
				16699D0D1E72988F005CD1A7 /* PBXTargetDependency */,
			);
			name = KPayTestTests;
			productName = KPayTestTests;
			productReference = 16699D0B1E72988F005CD1A7 /* KPayTestTests.xctest */;
			productType = "com.apple.product-type.bundle.unit-test";
		};
		16699D151E72988F005CD1A7 /* KPayTestUITests */ = {
			isa = PBXNativeTarget;
			buildConfigurationList = 16699D251E72988F005CD1A7 /* Build configuration list for PBXNativeTarget "KPayTestUITests" */;
			buildPhases = (
				16699D121E72988F005CD1A7 /* Sources */,
				16699D131E72988F005CD1A7 /* Frameworks */,
				16699D141E72988F005CD1A7 /* Resources */,
			);
			buildRules = (
			);
			dependencies = (
				16699D181E72988F005CD1A7 /* PBXTargetDependency */,
			);
			name = KPayTestUITests;
			productName = KPayTestUITests;
			productReference = 16699D161E72988F005CD1A7 /* KPayTestUITests.xctest */;
			productType = "com.apple.product-type.bundle.ui-testing";
		};
/* End PBXNativeTarget section */

/* Begin PBXProject section */
		16699CEA1E72988F005CD1A7 /* Project object */ = {
			isa = PBXProject;
			attributes = {
				LastUpgradeCheck = 0820;
				ORGANIZATIONNAME = YSTSDK;
				TargetAttributes = {
					16699CF11E72988F005CD1A7 = {
						CreatedOnToolsVersion = 8.2;
						DevelopmentTeam = MX57N3NB7G;
						ProvisioningStyle = Automatic;
					};
					16699D0A1E72988F005CD1A7 = {
						CreatedOnToolsVersion = 8.2;
						DevelopmentTeam = MX57N3NB7G;
						ProvisioningStyle = Automatic;
						TestTargetID = 16699CF11E72988F005CD1A7;
					};
					16699D151E72988F005CD1A7 = {
						CreatedOnToolsVersion = 8.2;
						DevelopmentTeam = MX57N3NB7G;
						ProvisioningStyle = Automatic;
						TestTargetID = 16699CF11E72988F005CD1A7;
					};
				};
			};
			buildConfigurationList = 16699CED1E72988F005CD1A7 /* Build configuration list for PBXProject "KPayTest" */;
			compatibilityVersion = "Xcode 3.2";
			developmentRegion = English;
			hasScannedForEncodings = 0;
			knownRegions = (
				en,
				Base,
			);
			mainGroup = 16699CE91E72988F005CD1A7;
			productRefGroup = 16699CF31E72988F005CD1A7 /* Products */;
			projectDirPath = "";
			projectRoot = "";
			targets = (
				16699CF11E72988F005CD1A7 /* KPayTest */,
				16699D0A1E72988F005CD1A7 /* KPayTestTests */,
				16699D151E72988F005CD1A7 /* KPayTestUITests */,
			);
		};
/* End PBXProject section */

/* Begin PBXResourcesBuildPhase section */
		16699CF01E72988F005CD1A7 /* Resources */ = {
			isa = PBXResourcesBuildPhase;
			buildActionMask = 2147483647;
			files = (
				16699D051E72988F005CD1A7 /* LaunchScreen.storyboard in Resources */,
				16699D021E72988F005CD1A7 /* Assets.xcassets in Resources */,
			);
			runOnlyForDeploymentPostprocessing = 0;
		};
		16699D091E72988F005CD1A7 /* Resources */ = {
			isa = PBXResourcesBuildPhase;
			buildActionMask = 2147483647;
			files = (
			);
			runOnlyForDeploymentPostprocessing = 0;
		};
		16699D141E72988F005CD1A7 /* Resources */ = {
			isa = PBXResourcesBuildPhase;
			buildActionMask = 2147483647;
			files = (
			);
			runOnlyForDeploymentPostprocessing = 0;
		};
/* End PBXResourcesBuildPhase section */

/* Begin PBXShellScriptBuildPhase section */
		5DD656CF4A8D906F0BB2BA9F /* 📦 Embed Pods Frameworks */ = {
			isa = PBXShellScriptBuildPhase;
			buildActionMask = 2147483647;
			files = (
			);
			inputPaths = (
			);
			name = "📦 Embed Pods Frameworks";
			outputPaths = (
			);
			runOnlyForDeploymentPostprocessing = 0;
			shellPath = /bin/sh;
			shellScript = "\"${SRCROOT}/Pods/Target Support Files/Pods-KPayTest/Pods-KPayTest-frameworks.sh\"\n";
			showEnvVarsInLog = 0;
		};
		62B941AD6ABA099108F9FA2E /* 📦 Copy Pods Resources */ = {
			isa = PBXShellScriptBuildPhase;
			buildActionMask = 2147483647;
			files = (
			);
			inputPaths = (
			);
			name = "📦 Copy Pods Resources";
			outputPaths = (
			);
			runOnlyForDeploymentPostprocessing = 0;
			shellPath = /bin/sh;
			shellScript = "\"${SRCROOT}/Pods/Target Support Files/Pods-KPayTest/Pods-KPayTest-resources.sh\"\n";
			showEnvVarsInLog = 0;
		};
		6E391DB868A80B2029C47726 /* 📦 Check Pods Manifest.lock */ = {
			isa = PBXShellScriptBuildPhase;
			buildActionMask = 2147483647;
			files = (
			);
			inputPaths = (
			);
			name = "📦 Check Pods Manifest.lock";
			outputPaths = (
			);
			runOnlyForDeploymentPostprocessing = 0;
			shellPath = /bin/sh;
			shellScript = "diff \"${PODS_ROOT}/../Podfile.lock\" \"${PODS_ROOT}/Manifest.lock\" > /dev/null\nif [[ $? != 0 ]] ; then\n    cat << EOM\nerror: The sandbox is not in sync with the Podfile.lock. Run 'pod install' or update your CocoaPods installation.\nEOM\n    exit 1\nfi\n";
			showEnvVarsInLog = 0;
		};
/* End PBXShellScriptBuildPhase section */

/* Begin PBXSourcesBuildPhase section */
		16699CEE1E72988F005CD1A7 /* Sources */ = {
			isa = PBXSourcesBuildPhase;
			buildActionMask = 2147483647;
			files = (
				16699D2D1E729F07005CD1A7 /* HDRootViewController.m in Sources */,
				16699CFA1E72988F005CD1A7 /* AppDelegate.m in Sources */,
				16699D2A1E729C3C005CD1A7 /* HDTestClass.m in Sources */,
				16699CF71E72988F005CD1A7 /* main.m in Sources */,
			);
			runOnlyForDeploymentPostprocessing = 0;
		};
		16699D071E72988F005CD1A7 /* Sources */ = {
			isa = PBXSourcesBuildPhase;
			buildActionMask = 2147483647;
			files = (
				16699D101E72988F005CD1A7 /* KPayTestTests.m in Sources */,
			);
			runOnlyForDeploymentPostprocessing = 0;
		};
		16699D121E72988F005CD1A7 /* Sources */ = {
			isa = PBXSourcesBuildPhase;
			buildActionMask = 2147483647;
			files = (
				16699D1B1E72988F005CD1A7 /* KPayTestUITests.m in Sources */,
			);
			runOnlyForDeploymentPostprocessing = 0;
		};
/* End PBXSourcesBuildPhase section */

/* Begin PBXTargetDependency section */
		16699D0D1E72988F005CD1A7 /* PBXTargetDependency */ = {
			isa = PBXTargetDependency;
			target = 16699CF11E72988F005CD1A7 /* KPayTest */;
			targetProxy = 16699D0C1E72988F005CD1A7 /* PBXContainerItemProxy */;
		};
		16699D181E72988F005CD1A7 /* PBXTargetDependency */ = {
			isa = PBXTargetDependency;
			target = 16699CF11E72988F005CD1A7 /* KPayTest */;
			targetProxy = 16699D171E72988F005CD1A7 /* PBXContainerItemProxy */;
		};
/* End PBXTargetDependency section */

/* Begin PBXVariantGroup section */
		16699D031E72988F005CD1A7 /* LaunchScreen.storyboard */ = {
			isa = PBXVariantGroup;
			children = (
				16699D041E72988F005CD1A7 /* Base */,
			);
			name = LaunchScreen.storyboard;
			sourceTree = "<group>";
		};
/* End PBXVariantGroup section */

/* Begin XCBuildConfiguration section */
		16699D1D1E72988F005CD1A7 /* Debug */ = {
			isa = XCBuildConfiguration;
			buildSettings = {
				ALWAYS_SEARCH_USER_PATHS = NO;
				CLANG_ANALYZER_NONNULL = YES;
				CLANG_CXX_LANGUAGE_STANDARD = "gnu++0x";
				CLANG_CXX_LIBRARY = "libc++";
				CLANG_ENABLE_MODULES = YES;
				CLANG_ENABLE_OBJC_ARC = YES;
				CLANG_WARN_BOOL_CONVERSION = YES;
				CLANG_WARN_CONSTANT_CONVERSION = YES;
				CLANG_WARN_DIRECT_OBJC_ISA_USAGE = YES_ERROR;
				CLANG_WARN_DOCUMENTATION_COMMENTS = YES;
				CLANG_WARN_EMPTY_BODY = YES;
				CLANG_WARN_ENUM_CONVERSION = YES;
				CLANG_WARN_INFINITE_RECURSION = YES;
				CLANG_WARN_INT_CONVERSION = YES;
				CLANG_WARN_OBJC_ROOT_CLASS = YES_ERROR;
				CLANG_WARN_SUSPICIOUS_MOVE = YES;
				CLANG_WARN_UNREACHABLE_CODE = YES;
				CLANG_WARN__DUPLICATE_METHOD_MATCH = YES;
				"CODE_SIGN_IDENTITY[sdk=iphoneos*]" = "iPhone Developer";
				COPY_PHASE_STRIP = NO;
				DEBUG_INFORMATION_FORMAT = dwarf;
				ENABLE_STRICT_OBJC_MSGSEND = YES;
				ENABLE_TESTABILITY = YES;
				GCC_C_LANGUAGE_STANDARD = gnu99;
				GCC_DYNAMIC_NO_PIC = NO;
				GCC_NO_COMMON_BLOCKS = YES;
				GCC_OPTIMIZATION_LEVEL = 0;
				GCC_PREPROCESSOR_DEFINITIONS = (
					"DEBUG=1",
					"$(inherited)",
				);
				GCC_WARN_64_TO_32_BIT_CONVERSION = YES;
				GCC_WARN_ABOUT_RETURN_TYPE = YES_ERROR;
				GCC_WARN_UNDECLARED_SELECTOR = YES;
				GCC_WARN_UNINITIALIZED_AUTOS = YES_AGGRESSIVE;
				GCC_WARN_UNUSED_FUNCTION = YES;
				GCC_WARN_UNUSED_VARIABLE = YES;
				IPHONEOS_DEPLOYMENT_TARGET = 10.2;
				MTL_ENABLE_DEBUG_INFO = YES;
				ONLY_ACTIVE_ARCH = YES;
				SDKROOT = iphoneos;
			};
			name = Debug;
		};
		16699D1E1E72988F005CD1A7 /* Release */ = {
			isa = XCBuildConfiguration;
			buildSettings = {
				ALWAYS_SEARCH_USER_PATHS = NO;
				CLANG_ANALYZER_NONNULL = YES;
				CLANG_CXX_LANGUAGE_STANDARD = "gnu++0x";
				CLANG_CXX_LIBRARY = "libc++";
				CLANG_ENABLE_MODULES = YES;
				CLANG_ENABLE_OBJC_ARC = YES;
				CLANG_WARN_BOOL_CONVERSION = YES;
				CLANG_WARN_CONSTANT_CONVERSION = YES;
				CLANG_WARN_DIRECT_OBJC_ISA_USAGE = YES_ERROR;
				CLANG_WARN_DOCUMENTATION_COMMENTS = YES;
				CLANG_WARN_EMPTY_BODY = YES;
				CLANG_WARN_ENUM_CONVERSION = YES;
				CLANG_WARN_INFINITE_RECURSION = YES;
				CLANG_WARN_INT_CONVERSION = YES;
				CLANG_WARN_OBJC_ROOT_CLASS = YES_ERROR;
				CLANG_WARN_SUSPICIOUS_MOVE = YES;
				CLANG_WARN_UNREACHABLE_CODE = YES;
				CLANG_WARN__DUPLICATE_METHOD_MATCH = YES;
				"CODE_SIGN_IDENTITY[sdk=iphoneos*]" = "iPhone Developer";
				COPY_PHASE_STRIP = NO;
				DEBUG_INFORMATION_FORMAT = "dwarf-with-dsym";
				ENABLE_NS_ASSERTIONS = NO;
				ENABLE_STRICT_OBJC_MSGSEND = YES;
				GCC_C_LANGUAGE_STANDARD = gnu99;
				GCC_NO_COMMON_BLOCKS = YES;
				GCC_WARN_64_TO_32_BIT_CONVERSION = YES;
				GCC_WARN_ABOUT_RETURN_TYPE = YES_ERROR;
				GCC_WARN_UNDECLARED_SELECTOR = YES;
				GCC_WARN_UNINITIALIZED_AUTOS = YES_AGGRESSIVE;
				GCC_WARN_UNUSED_FUNCTION = YES;
				GCC_WARN_UNUSED_VARIABLE = YES;
				IPHONEOS_DEPLOYMENT_TARGET = 10.2;
				MTL_ENABLE_DEBUG_INFO = NO;
				SDKROOT = iphoneos;
				VALIDATE_PRODUCT = YES;
			};
			name = Release;
		};
		16699D201E72988F005CD1A7 /* Debug */ = {
			isa = XCBuildConfiguration;
			baseConfigurationReference = E217F0BC00595A48ED9B4C4B /* Pods-KPayTest.debug.xcconfig */;
			buildSettings = {
				ASSETCATALOG_COMPILER_APPICON_NAME = AppIcon;
				DEVELOPMENT_TEAM = MX57N3NB7G;
				INFOPLIST_FILE = KPayTest/Info.plist;
				LD_RUNPATH_SEARCH_PATHS = "$(inherited) @executable_path/Frameworks";
				PRODUCT_BUNDLE_IDENTIFIER = com.ysepay.KPayTest;
				PRODUCT_NAME = "$(TARGET_NAME)";
			};
			name = Debug;
		};
		16699D211E72988F005CD1A7 /* Release */ = {
			isa = XCBuildConfiguration;
			baseConfigurationReference = FB8A62FFAC361C3DC64CDD14 /* Pods-KPayTest.release.xcconfig */;
			buildSettings = {
				ASSETCATALOG_COMPILER_APPICON_NAME = AppIcon;
				DEVELOPMENT_TEAM = MX57N3NB7G;
				INFOPLIST_FILE = KPayTest/Info.plist;
				LD_RUNPATH_SEARCH_PATHS = "$(inherited) @executable_path/Frameworks";
				PRODUCT_BUNDLE_IDENTIFIER = com.ysepay.KPayTest;
				PRODUCT_NAME = "$(TARGET_NAME)";
			};
			name = Release;
		};
		16699D231E72988F005CD1A7 /* Debug */ = {
			isa = XCBuildConfiguration;
			buildSettings = {
				BUNDLE_LOADER = "$(TEST_HOST)";
				DEVELOPMENT_TEAM = MX57N3NB7G;
				INFOPLIST_FILE = KPayTestTests/Info.plist;
				LD_RUNPATH_SEARCH_PATHS = "$(inherited) @executable_path/Frameworks @loader_path/Frameworks";
				PRODUCT_BUNDLE_IDENTIFIER = com.ysepay.KPayTestTests;
				PRODUCT_NAME = "$(TARGET_NAME)";
				TEST_HOST = "$(BUILT_PRODUCTS_DIR)/KPayTest.app/KPayTest";
			};
			name = Debug;
		};
		16699D241E72988F005CD1A7 /* Release */ = {
			isa = XCBuildConfiguration;
			buildSettings = {
				BUNDLE_LOADER = "$(TEST_HOST)";
				DEVELOPMENT_TEAM = MX57N3NB7G;
				INFOPLIST_FILE = KPayTestTests/Info.plist;
				LD_RUNPATH_SEARCH_PATHS = "$(inherited) @executable_path/Frameworks @loader_path/Frameworks";
				PRODUCT_BUNDLE_IDENTIFIER = com.ysepay.KPayTestTests;
				PRODUCT_NAME = "$(TARGET_NAME)";
				TEST_HOST = "$(BUILT_PRODUCTS_DIR)/KPayTest.app/KPayTest";
			};
			name = Release;
		};
		16699D261E72988F005CD1A7 /* Debug */ = {
			isa = XCBuildConfiguration;
			buildSettings = {
				DEVELOPMENT_TEAM = MX57N3NB7G;
				INFOPLIST_FILE = KPayTestUITests/Info.plist;
				LD_RUNPATH_SEARCH_PATHS = "$(inherited) @executable_path/Frameworks @loader_path/Frameworks";
				PRODUCT_BUNDLE_IDENTIFIER = com.ysepay.KPayTestUITests;
				PRODUCT_NAME = "$(TARGET_NAME)";
				TEST_TARGET_NAME = KPayTest;
			};
			name = Debug;
		};
		16699D271E72988F005CD1A7 /* Release */ = {
			isa = XCBuildConfiguration;
			buildSettings = {
				DEVELOPMENT_TEAM = MX57N3NB7G;
				INFOPLIST_FILE = KPayTestUITests/Info.plist;
				LD_RUNPATH_SEARCH_PATHS = "$(inherited) @executable_path/Frameworks @loader_path/Frameworks";
				PRODUCT_BUNDLE_IDENTIFIER = com.ysepay.KPayTestUITests;
				PRODUCT_NAME = "$(TARGET_NAME)";
				TEST_TARGET_NAME = KPayTest;
			};
			name = Release;
		};
/* End XCBuildConfiguration section */

/* Begin XCConfigurationList section */
		16699CED1E72988F005CD1A7 /* Build configuration list for PBXProject "KPayTest" */ = {
			isa = XCConfigurationList;
			buildConfigurations = (
				16699D1D1E72988F005CD1A7 /* Debug */,
				16699D1E1E72988F005CD1A7 /* Release */,
			);
			defaultConfigurationIsVisible = 0;
			defaultConfigurationName = Release;
		};
		16699D1F1E72988F005CD1A7 /* Build configuration list for PBXNativeTarget "KPayTest" */ = {
			isa = XCConfigurationList;
			buildConfigurations = (
				16699D201E72988F005CD1A7 /* Debug */,
				16699D211E72988F005CD1A7 /* Release */,
			);
			defaultConfigurationIsVisible = 0;
			defaultConfigurationName = Release;
		};
		16699D221E72988F005CD1A7 /* Build configuration list for PBXNativeTarget "KPayTestTests" */ = {
			isa = XCConfigurationList;
			buildConfigurations = (
				16699D231E72988F005CD1A7 /* Debug */,
				16699D241E72988F005CD1A7 /* Release */,
			);
			defaultConfigurationIsVisible = 0;
			defaultConfigurationName = Release;
		};
		16699D251E72988F005CD1A7 /* Build configuration list for PBXNativeTarget "KPayTestUITests" */ = {
			isa = XCConfigurationList;
			buildConfigurations = (
				16699D261E72988F005CD1A7 /* Debug */,
				16699D271E72988F005CD1A7 /* Release */,
			);
			defaultConfigurationIsVisible = 0;
			defaultConfigurationName = Release;
		};
/* End XCConfigurationList section */
	};
	rootObject = 16699CEA1E72988F005CD1A7 /* Project object */;
}
